
Microsoft Visual Studio Solution File, Format Version 10.00
# Visual Studio 2008
Project("{FAE04EC0-301F-11D3-BF4B-00C04F79EFBC}") = "Punto2", "Punto2\Punto2.csproj", "{919D4F51-54DD-4DA7-B8F0-B5B2875A8C6F}"
EndProject
Global
	GlobalSection(SolutionConfigurationPlatforms) = preSolution
		Debug|Any CPU = Debug|Any CPU
		Release|Any CPU = Release|Any CPU
	EndGlobalSection
	GlobalSection(ProjectConfigurationPlatforms) = postSolution
		{919D4F51-54DD-4DA7-B8F0-B5B2875A8C6F}.Debug|Any CPU.ActiveCfg = Debug|Any CPU
		{919D4F51-54DD-4DA7-B8F0-B5B2875A8C6F}.Debug|Any CPU.Build.0 = Debug|Any CPU
		{919D4F51-54DD-4DA7-B8F0-B5B2875A8C6F}.Release|Any CPU.ActiveCfg = Release|Any CPU
		{919D4F51-54DD-4DA7-B8F0-B5B2875A8C6F}.Release|Any CPU.Build.0 = Release|Any CPU
	EndGlobalSection
	GlobalSection(SolutionProperties) = preSolution
		HideSolutionNode = FALSE
	EndGlobalSection
EndGlobal
