
Microsoft Visual Studio Solution File, Format Version 10.00
# Visual Studio 2008
Project("{FAE04EC0-301F-11D3-BF4B-00C04F79EFBC}") = "Punto 1", "Punto 1\Punto 1.csproj", "{E019BE69-EE22-435B-B0F5-B04F1BE850E0}"
EndProject
Global
	GlobalSection(SolutionConfigurationPlatforms) = preSolution
		Debug|Any CPU = Debug|Any CPU
		Release|Any CPU = Release|Any CPU
	EndGlobalSection
	GlobalSection(ProjectConfigurationPlatforms) = postSolution
		{E019BE69-EE22-435B-B0F5-B04F1BE850E0}.Debug|Any CPU.ActiveCfg = Debug|Any CPU
		{E019BE69-EE22-435B-B0F5-B04F1BE850E0}.Debug|Any CPU.Build.0 = Debug|Any CPU
		{E019BE69-EE22-435B-B0F5-B04F1BE850E0}.Release|Any CPU.ActiveCfg = Release|Any CPU
		{E019BE69-EE22-435B-B0F5-B04F1BE850E0}.Release|Any CPU.Build.0 = Release|Any CPU
	EndGlobalSection
	GlobalSection(SolutionProperties) = preSolution
		HideSolutionNode = FALSE
	EndGlobalSection
EndGlobal
